{"1.2.0",
[{<<"adbc">>,{pkg,<<"adbc">>,<<"0.2.0">>},1},
 {<<"aws_signature">>,{pkg,<<"aws_signature">>,<<"0.3.1">>},1},
 {<<"castore">>,{pkg,<<"castore">>,<<"1.0.0">>},1},
 {<<"cc_precompiler">>,{pkg,<<"cc_precompiler">>,<<"0.1.8">>},2},
 {<<"certifi">>,{pkg,<<"certifi">>,<<"2.12.0">>},2},
 {<<"complex">>,{pkg,<<"complex">>,<<"0.5.0">>},2},
 {<<"cowboy">>,{pkg,<<"cowboy">>,<<"2.10.0">>},2},
 {<<"cowboy_telemetry">>,{pkg,<<"cowboy_telemetry">>,<<"0.4.0">>},2},
 {<<"cowlib">>,{pkg,<<"cowlib">>,<<"2.12.1">>},3},
 {<<"decimal">>,{pkg,<<"decimal">>,<<"1.9.0">>},2},
 {<<"dll_loader_helper_beam">>,
  {pkg,<<"dll_loader_helper_beam">>,<<"1.2.0">>},
  2},
 {<<"easter">>,{pkg,<<"easter">>,<<"1.0.0">>},0},
 {<<"eex">>,{elixir,<<"eex">>,{tag,<<"v1.15.5">>}},0},
 {<<"elixir">>,{elixir,<<"elixir">>,{tag,<<"v1.15.5">>}},0},
 {<<"elixir_make">>,{pkg,<<"elixir_make">>,<<"0.7.7">>},2},
 {<<"explorer">>,{pkg,<<"explorer">>,<<"0.7.2">>},0},
 {<<"fss">>,{pkg,<<"fss">>,<<"0.1.1">>},1},
 {<<"hackney">>,{pkg,<<"hackney">>,<<"1.20.1">>},1},
 {<<"idna">>,{pkg,<<"idna">>,<<"6.1.1">>},2},
 {<<"jason">>,{pkg,<<"jason">>,<<"1.4.0">>},1},
 {<<"logger">>,{elixir,<<"logger">>,{tag,<<"v1.15.5">>}},0},
 {<<"metrics">>,{pkg,<<"metrics">>,<<"1.0.1">>},2},
 {<<"mime">>,{pkg,<<"mime">>,<<"1.6.0">>},2},
 {<<"mimerl">>,{pkg,<<"mimerl">>,<<"1.2.0">>},2},
 {<<"mix">>,{elixir,<<"mix">>,{tag,<<"v1.15.5">>}},0},
 {<<"nx">>,{pkg,<<"nx">>,<<"0.6.2">>},1},
 {<<"parse_trans">>,{pkg,<<"parse_trans">>,<<"3.4.1">>},2},
 {<<"phoenix">>,{pkg,<<"phoenix">>,<<"1.6.15">>},0},
 {<<"phoenix_html">>,{pkg,<<"phoenix_html">>,<<"2.14.3">>},2},
 {<<"phoenix_pubsub">>,{pkg,<<"phoenix_pubsub">>,<<"2.1.1">>},1},
 {<<"phoenix_view">>,{pkg,<<"phoenix_view">>,<<"1.1.2">>},1},
 {<<"plug">>,{pkg,<<"plug">>,<<"1.15.1">>},1},
 {<<"plug_cowboy">>,{pkg,<<"plug_cowboy">>,<<"2.6.1">>},1},
 {<<"plug_crypto">>,{pkg,<<"plug_crypto">>,<<"1.2.5">>},1},
 {<<"protobuf">>,{pkg,<<"protobuf">>,<<"0.12.0">>},0},
 {<<"ranch">>,{pkg,<<"ranch">>,<<"1.8.0">>},3},
 {<<"recon">>,{pkg,<<"recon">>,<<"2.5.4">>},0},
 {<<"rustler">>,{pkg,<<"rustler">>,<<"0.29.1">>},1},
 {<<"rustler_precompiled">>,{pkg,<<"rustler_precompiled">>,<<"0.7.0">>},1},
 {<<"ssl_verify_fun">>,{pkg,<<"ssl_verify_fun">>,<<"1.1.6">>},2},
 {<<"table">>,{pkg,<<"table">>,<<"0.1.2">>},1},
 {<<"table_rex">>,{pkg,<<"table_rex">>,<<"3.1.1">>},1},
 {<<"telemetry">>,{pkg,<<"telemetry">>,<<"0.4.3">>},1},
 {<<"toml">>,{pkg,<<"toml">>,<<"0.7.0">>},2},
 {<<"tzdata">>,{pkg,<<"tzdata">>,<<"1.1.1">>},0},
 {<<"unicode_util_compat">>,{pkg,<<"unicode_util_compat">>,<<"0.7.0">>},2}]}.
[
{pkg_hash,[
 {<<"adbc">>, <<"CB9398411097AE86E7EA8D0B35D639048C8E1E2344B8AE3D4A107A4EB275C0FA">>},
 {<<"aws_signature">>, <<"67F369094CBD55FFA2BBD8CC713EDE14B195FCFB45C86665CD7C5AD010276148">>},
 {<<"castore">>, <<"C25CD0794C054EBE6908A86820C8B92B5695814479EC95EEFF35192720B71EEC">>},
 {<<"cc_precompiler">>, <<"933A5F4DA3B19EE56539A076076CE4D7716D64EFC8DB46FD066996A7E46E2BFD">>},
 {<<"certifi">>, <<"2D1CCA2EC95F59643862AF91F001478C9863C2AC9CB6E2F89780BFD8DE987329">>},
 {<<"complex">>, <<"AF2D2331FF6170B61BB738695E481B27A66780E18763E066EE2CD863D0B1DD92">>},
 {<<"cowboy">>, <<"FF9FFEFF91DAE4AE270DD975642997AFE2A1179D94B1887863E43F681A203E26">>},
 {<<"cowboy_telemetry">>, <<"F239F68B588EFA7707ABCE16A84D0D2ACF3A0F50571F8BB7F56A15865AAE820C">>},
 {<<"cowlib">>, <<"A9FA9A625F1D2025FE6B462CB865881329B5CAFF8F1854D1CBC9F9533F00E1E1">>},
 {<<"decimal">>, <<"83E8DAF59631D632B171FAABAFB4A9F4242C514B0A06BA3DF493951C08F64D07">>},
 {<<"dll_loader_helper_beam">>, <<"557C43BEFB8E3B119B718DA302ADCCDE3BD855ACDB999498A14A2A8D2814B8B9">>},
 {<<"easter">>, <<"71949DFCE515F421BB48797DA70CF0EC2670EC4C8904959E58FC69E9DB0AB2CD">>},
 {<<"elixir_make">>, <<"7128C60C2476019ED978210C245BADF08B03DBEC4F24D05790EF791DA11AA17C">>},
 {<<"explorer">>, <<"6667BBA5BC4ED3F65B08F3D2FA223011726AA1500F3ECB0BFCCEEDE856FC7972">>},
 {<<"fss">>, <<"9DB2344DBBB5D555CE442AC7C2F82DD975B605B50D169314A20F08ED21E08642">>},
 {<<"hackney">>, <<"8D97AEC62DDDDD757D128BFD1DF6C5861093419F8F7A4223823537BAD5D064E2">>},
 {<<"idna">>, <<"8A63070E9F7D0C62EB9D9FCB360A7DE382448200FBBD1B106CC96D3D8099DF8D">>},
 {<<"jason">>, <<"E855647BC964A44E2F67DF589CCF49105AE039D4179DB7F6271DFD3843DC27E6">>},
 {<<"metrics">>, <<"25F094DEA2CDA98213CECC3AEFF09E940299D950904393B2A29D191C346A8486">>},
 {<<"mime">>, <<"DABDE576A497CEF4BBDD60ACEEE8160E02A6C89250D6C0B29E56C0DFB00DB3D2">>},
 {<<"mimerl">>, <<"67E2D3F571088D5CFD3E550C383094B47159F3EEE8FFA08E64106CDF5E981BE3">>},
 {<<"nx">>, <<"F1D137F477B1A6F84F8DB638F7A6D5A0F8266CAEA63C9918AA4583DB38EBE1D6">>},
 {<<"parse_trans">>, <<"6E6AA8167CB44CC8F39441D05193BE6E6F4E7C2946CB2759F015F8C56B76E5FF">>},
 {<<"phoenix">>, <<"0A1D96BBC10747FD83525370D691953CDB6F3CCBAC61AA01B4ACB012474B047D">>},
 {<<"phoenix_html">>, <<"51F720D0D543E4E157FF06B65DE38E13303D5778A7919BCC696599E5934271B8">>},
 {<<"phoenix_pubsub">>, <<"BA04E489EF03763BF28A17EB2EADDC2C20C6D217E2150A61E3298B0F4C2012B5">>},
 {<<"phoenix_view">>, <<"1B82764A065FB41051637872C7BD07ED2FDB6F5C3BD89684D4DCA6E10115C95A">>},
 {<<"plug">>, <<"B7EFD81C1A1286F13EFB3F769DE343236BD8B7D23B4A9F40D3002FC39AD8F74C">>},
 {<<"plug_cowboy">>, <<"9A3BBFCEEB65EFF5F39DAB529E5CD79137AC36E913C02067DBA3963A26EFE9B2">>},
 {<<"plug_crypto">>, <<"918772575E48E81E455818229BF719D4AB4181FCBF7F85B68A35620F78D89CED">>},
 {<<"protobuf">>, <<"58C0DFEA5F929B96B5AA54EC02B7130688F09D2DE5DDC521D696EEC2A015B223">>},
 {<<"ranch">>, <<"8C7A100A139FD57F17327B6413E4167AC559FBC04CA7448E9BE9057311597A1D">>},
 {<<"recon">>, <<"05DD52A119EE4059FA9DAA1AB7CE81BC7A8161A2F12E9D42E9D551FFD2BA901C">>},
 {<<"rustler">>, <<"880F20AE3027BD7945DEF6CEA767F5257BC926F33FF50C0D5D5A5315883C084D">>},
 {<<"rustler_precompiled">>, <<"5D0834FC06DBC76DD1034482F17B1797DF0DBA9B491CEF8BB045FCACA94BCADE">>},
 {<<"ssl_verify_fun">>, <<"CF344F5692C82D2CD7554F5EC8FD961548D4FD09E7D22F5B62482E5AEAEBD4B0">>},
 {<<"table">>, <<"87AD1125F5B70C5DEA0307AA633194083EB5182EC537EFC94E96AF08937E14A8">>},
 {<<"table_rex">>, <<"0C67164D1714B5E806D5067C1E96FF098BA7AE79413CC075973E17C38A587CAA">>},
 {<<"telemetry">>, <<"A06428A514BDBC63293CD9A6263AAD00DDEB66F608163BDEC7C8995784080818">>},
 {<<"toml">>, <<"FBCD773CAA937D0C7A02C301A1FEEA25612720AC3FA1CCB8BFD9D30D822911DE">>},
 {<<"tzdata">>, <<"20C8043476DFDA8504952D00ADAC41C6EDA23912278ADD38EDC140AE0C5BCC46">>},
 {<<"unicode_util_compat">>, <<"BC84380C9AB48177092F43AC89E4DFA2C6D62B40B8BD132B1059ECC7232F9A78">>}]},
{pkg_hash_ext,[
 {<<"adbc">>, <<"BE41B3B7F5BCCE2F5AAC2EE8051E21ADC7B4133E6024FB1AD6A5B86695A41886">>},
 {<<"aws_signature">>, <<"50FC4DC1D1F7C2D0A8C63F455B3C66ECD74C1CF4C915C768A636F9227704A674">>},
 {<<"castore">>, <<"577D0E855983A97CA1DFA33CBB8A3B6ECE6767397FFB4861514343B078FC284B">>},
 {<<"cc_precompiler">>, <<"176BDF4366956E456BF761B54AD70BC4103D0269CA9558FD7CEE93D1B3F116DB">>},
 {<<"certifi">>, <<"EE68D85DF22E554040CDB4BE100F33873AC6051387BAF6A8F6CE82272340FF1C">>},
 {<<"complex">>, <<"2683BD3C184466CFB94FAD74CBFDDFAA94B860E27AD4CA1BFFE3BFF169D91EF1">>},
 {<<"cowboy">>, <<"3AFDCCB7183CC6F143CB14D3CF51FA00E53DB9EC80CDCD525482F5E99BC41D6B">>},
 {<<"cowboy_telemetry">>, <<"7D98BAC1EE4565D31B62D59F8823DFD8356A169E7FCBB83831B8A5397404C9DE">>},
 {<<"cowlib">>, <<"163B73F6367A7341B33C794C4E88E7DBFE6498AC42DCD69EF44C5BC5507C8DB0">>},
 {<<"decimal">>, <<"B1F2343568EED6928F3E751CF2DFFDE95BFAA19DD95D09E8A9EA92CCFD6F7D85">>},
 {<<"dll_loader_helper_beam">>, <<"A2115D4BF1CCA488A7B33F3C648847F64019B32C0382D10286D84DD5C3CBC0E5">>},
 {<<"easter">>, <<"015AE9F6DADF335B3EB13B4BE1F5B629F152239A14044428CED25F5DCC7797F6">>},
 {<<"elixir_make">>, <<"5BC19FFF950FAD52BBE5F211B12DB9EC82C6B34A9647DA0C2224B8B8464C7E6C">>},
 {<<"explorer">>, <<"C1D89F1602EA336F69D9E0336CF4F68360F9E986652B0F74B7D6BACB2C978DB0">>},
 {<<"fss">>, <<"78AD5955C7919C3764065B21144913DF7515D52E228C09427A004AFE9C1A16B0">>},
 {<<"hackney">>, <<"FE9094E5F1A2A2C0A7D10918FEE36BFEC0EC2A979994CFF8CFE8058CD9AF38E3">>},
 {<<"idna">>, <<"92376EB7894412ED19AC475E4A86F7B413C1B9FBB5BD16DCCD57934157944CEA">>},
 {<<"jason">>, <<"79A3791085B2A0F743CA04CEC0F7BE26443738779D09302E01318F97BDB82121">>},
 {<<"metrics">>, <<"69B09ADDDC4F74A40716AE54D140F93BEB0FB8978D8636EADED0C31B6F099F16">>},
 {<<"mime">>, <<"31A1A8613F8321143DDE1DAFC36006A17D28D02BDFECB9E95A880FA7AABD19A7">>},
 {<<"mimerl">>, <<"F278585650AA581986264638EBF698F8BB19DF297F66AD91B18910DFC6E19323">>},
 {<<"nx">>, <<"AC913B68D53F25F6EB39BDDCF2D2CD6EA2E9BCB6F25CF86A79E35D0411BA96AD">>},
 {<<"parse_trans">>, <<"620A406CE75DADA827B82E453C19CF06776BE266F5A67CFF34E1EF2CBB60E49A">>},
 {<<"phoenix">>, <<"D70AB9FBF6B394755EA88B644D34D79D8B146E490973151F248CACD122D20672">>},
 {<<"phoenix_html">>, <<"EFD697A7FFF35A13EEEB6B43DB884705CBA353A1A41D127D118FDA5F90C8E80F">>},
 {<<"phoenix_pubsub">>, <<"81367C6D1EEA5878AD726BE80808EB5A787A23DEE699F96E72B1109C57CDD8D9">>},
 {<<"phoenix_view">>, <<"7AE90AD27B09091266F6ADBB61E1D2516A7C3D7062C6789D46A7554EC40F3A56">>},
 {<<"plug">>, <<"459497BD94D041D98D948054EC6C0B76FEACD28EEC38B219CA04C0DE13C79D30">>},
 {<<"plug_cowboy">>, <<"DE36E1A21F451A18B790F37765DB198075C25875C64834BCC82D90B309EB6613">>},
 {<<"plug_crypto">>, <<"26549A1D6345E2172EB1C233866756AE44A9609BD33EE6F99147AB3FD87FD842">>},
 {<<"protobuf">>, <<"75FA6CBF262062073DD51BE44DD0AB940500E18386A6C4E87D5819A58964DC45">>},
 {<<"ranch">>, <<"49FBCFD3682FAB1F5D109351B61257676DA1A2FDBE295904176D5E521A2DDFE5">>},
 {<<"recon">>, <<"E9AB01AC7FC8572E41EB59385EFEB3FB0FF5BF02103816535BACAEDF327D0263">>},
 {<<"rustler">>, <<"109497D701861BFCD26EB8F5801FE327A8EEF304F56A5B63EF61151FF44AC9B6">>},
 {<<"rustler_precompiled">>, <<"FDF43A6835F4E4DE5BFBC4C019BFB8C46D124BD4635FEFA3E20D9A2BBBEC1512">>},
 {<<"ssl_verify_fun">>, <<"BDB0D2471F453C88FF3908E7686F86F9BE327D065CC1EC16FA4540197EA04680">>},
 {<<"table">>, <<"7E99BC7EFEF806315C7E65640724BF165C3061CDC5D854060F74468367065029">>},
 {<<"table_rex">>, <<"678A23ABA4D670419C23C17790F9DCD635A4A89022040DF7D5D772CB21012490">>},
 {<<"telemetry">>, <<"EB72B8365FFDA5BED68A620D1DA88525E326CB82A75EE61354FC24B844768041">>},
 {<<"toml">>, <<"0690246A2478C1DEFD100B0C9B89B4EA280A22BE9A7B313A8A058A2408A2FA70">>},
 {<<"tzdata">>, <<"A69CEC8352EAFCD2E198DEA28A34113B60FDC6CB57EB5AD65C10292A6BA89787">>},
 {<<"unicode_util_compat">>, <<"25EEE6D67DF61960CF6A794239566599B09E17E668D3700247BC498638152521">>}]}
].
