{"1.2.0",
[{<<"adbc">>,{pkg,<<"adbc">>,<<"0.3.1">>},1},
 {<<"aws_signature">>,{pkg,<<"aws_signature">>,<<"0.3.2">>},1},
 {<<"bandit">>,{pkg,<<"bandit">>,<<"1.4.2">>},0},
 {<<"castore">>,{pkg,<<"castore">>,<<"1.0.6">>},1},
 {<<"cc_precompiler">>,{pkg,<<"cc_precompiler">>,<<"0.1.10">>},2},
 {<<"certifi">>,{pkg,<<"certifi">>,<<"2.12.0">>},1},
 {<<"complex">>,{pkg,<<"complex">>,<<"0.5.0">>},2},
 {<<"cowboy">>,{pkg,<<"cowboy">>,<<"2.12.0">>},2},
 {<<"cowboy_telemetry">>,{pkg,<<"cowboy_telemetry">>,<<"0.4.0">>},2},
 {<<"cowlib">>,{pkg,<<"cowlib">>,<<"2.13.0">>},3},
 {<<"decimal">>,{pkg,<<"decimal">>,<<"1.9.0">>},2},
 {<<"dll_loader_helper_beam">>,
  {pkg,<<"dll_loader_helper_beam">>,<<"1.2.2">>},
  2},
 {<<"easter">>,{pkg,<<"easter">>,<<"1.0.0">>},0},
 {<<"elixir_make">>,{pkg,<<"elixir_make">>,<<"0.8.3">>},2},
 {<<"explorer">>,{pkg,<<"explorer">>,<<"0.8.1">>},0},
 {<<"fss">>,{pkg,<<"fss">>,<<"0.1.1">>},1},
 {<<"hackney">>,{pkg,<<"hackney">>,<<"1.20.1">>},0},
 {<<"hpax">>,{pkg,<<"hpax">>,<<"0.1.2">>},1},
 {<<"idna">>,{pkg,<<"idna">>,<<"6.1.1">>},1},
 {<<"jason">>,{pkg,<<"jason">>,<<"1.4.1">>},1},
 {<<"metrics">>,{pkg,<<"metrics">>,<<"1.0.1">>},1},
 {<<"mime">>,{pkg,<<"mime">>,<<"1.6.0">>},2},
 {<<"mimerl">>,{pkg,<<"mimerl">>,<<"1.2.0">>},1},
 {<<"nx">>,{pkg,<<"nx">>,<<"0.7.1">>},1},
 {<<"parse_trans">>,{pkg,<<"parse_trans">>,<<"3.4.1">>},1},
 {<<"phoenix">>,{pkg,<<"phoenix">>,<<"1.7.12">>},0},
 {<<"phoenix_html">>,{pkg,<<"phoenix_html">>,<<"2.14.3">>},2},
 {<<"phoenix_pubsub">>,{pkg,<<"phoenix_pubsub">>,<<"2.1.3">>},1},
 {<<"phoenix_template">>,{pkg,<<"phoenix_template">>,<<"1.0.4">>},1},
 {<<"phoenix_view">>,{pkg,<<"phoenix_view">>,<<"2.0.3">>},1},
 {<<"plug">>,{pkg,<<"plug">>,<<"1.15.3">>},1},
 {<<"plug_cowboy">>,{pkg,<<"plug_cowboy">>,<<"2.7.1">>},1},
 {<<"plug_crypto">>,{pkg,<<"plug_crypto">>,<<"1.2.5">>},1},
 {<<"protobuf">>,{pkg,<<"protobuf">>,<<"0.12.0">>},0},
 {<<"ranch">>,{pkg,<<"ranch">>,<<"1.8.0">>},3},
 {<<"recon">>,{pkg,<<"recon">>,<<"2.5.5">>},0},
 {<<"rustler">>,{pkg,<<"rustler">>,<<"0.31.0">>},1},
 {<<"rustler_precompiled">>,{pkg,<<"rustler_precompiled">>,<<"0.7.1">>},1},
 {<<"ssl_verify_fun">>,{pkg,<<"ssl_verify_fun">>,<<"1.1.7">>},1},
 {<<"table">>,{pkg,<<"table">>,<<"0.1.2">>},1},
 {<<"table_rex">>,{pkg,<<"table_rex">>,<<"3.1.1">>},1},
 {<<"telemetry">>,{pkg,<<"telemetry">>,<<"0.4.3">>},1},
 {<<"thousand_island">>,{pkg,<<"thousand_island">>,<<"1.3.5">>},1},
 {<<"toml">>,{pkg,<<"toml">>,<<"0.7.0">>},2},
 {<<"tzdata">>,{pkg,<<"tzdata">>,<<"1.1.1">>},0},
 {<<"unicode_util_compat">>,{pkg,<<"unicode_util_compat">>,<<"0.7.0">>},1},
 {<<"websock">>,{pkg,<<"websock">>,<<"0.5.3">>},1},
 {<<"websock_adapter">>,{pkg,<<"websock_adapter">>,<<"0.5.6">>},1}]}.
[
{pkg_hash,[
 {<<"adbc">>, <<"749F1F8A10F45B49010A04520C5180D3DC33547B1E41BEBBCFDA76D949BA1430">>},
 {<<"aws_signature">>, <<"ADF33BC4AF00B2089B7708BF20E3246F09C639A905A619B3689F0A0A22C3EF8F">>},
 {<<"bandit">>, <<"A1475C8DCBFFD1F43002797F99487A64C8444753FF2B282B52409E279488E1F5">>},
 {<<"castore">>, <<"FFC42F110EBFDAFAB0EA159CD43D31365FA0AF0CE4A02ECEBF1707AE619EE727">>},
 {<<"cc_precompiler">>, <<"47C9C08D8869CF09B41DA36538F62BC1ABD3E19E41701C2CEA2675B53C704258">>},
 {<<"certifi">>, <<"2D1CCA2EC95F59643862AF91F001478C9863C2AC9CB6E2F89780BFD8DE987329">>},
 {<<"complex">>, <<"AF2D2331FF6170B61BB738695E481B27A66780E18763E066EE2CD863D0B1DD92">>},
 {<<"cowboy">>, <<"F276D521A1FF88B2B9B4C54D0E753DA6C66DD7BE6C9FCA3D9418B561828A3731">>},
 {<<"cowboy_telemetry">>, <<"F239F68B588EFA7707ABCE16A84D0D2ACF3A0F50571F8BB7F56A15865AAE820C">>},
 {<<"cowlib">>, <<"DB8F7505D8332D98EF50A3EF34B34C1AFDDEC7506E4EE4DD4A3A266285D282CA">>},
 {<<"decimal">>, <<"83E8DAF59631D632B171FAABAFB4A9F4242C514B0A06BA3DF493951C08F64D07">>},
 {<<"dll_loader_helper_beam">>, <<"B86F97EC8FC64770C87468E41969EB309D87B29DD5A439B667E5954F85F8F65A">>},
 {<<"easter">>, <<"71949DFCE515F421BB48797DA70CF0EC2670EC4C8904959E58FC69E9DB0AB2CD">>},
 {<<"elixir_make">>, <<"D38D7EE1578D722D89B4D452A3E36BCFDC644C618F0D063B874661876E708683">>},
 {<<"explorer">>, <<"0B7300030407A1D9C90096205395F112DAA078148F9FC0B5616DF30469B4E080">>},
 {<<"fss">>, <<"9DB2344DBBB5D555CE442AC7C2F82DD975B605B50D169314A20F08ED21E08642">>},
 {<<"hackney">>, <<"8D97AEC62DDDDD757D128BFD1DF6C5861093419F8F7A4223823537BAD5D064E2">>},
 {<<"hpax">>, <<"09A75600D9D8BBD064CDD741F21FC06FC1F4CF3D0FCC335E5AA19BE1A7235C84">>},
 {<<"idna">>, <<"8A63070E9F7D0C62EB9D9FCB360A7DE382448200FBBD1B106CC96D3D8099DF8D">>},
 {<<"jason">>, <<"AF1504E35F629DDCDD6ADDB3513C3853991F694921B1B9368B0BD32BEB9F1B63">>},
 {<<"metrics">>, <<"25F094DEA2CDA98213CECC3AEFF09E940299D950904393B2A29D191C346A8486">>},
 {<<"mime">>, <<"DABDE576A497CEF4BBDD60ACEEE8160E02A6C89250D6C0B29E56C0DFB00DB3D2">>},
 {<<"mimerl">>, <<"67E2D3F571088D5CFD3E550C383094B47159F3EEE8FFA08E64106CDF5E981BE3">>},
 {<<"nx">>, <<"5F6376E3D18408116E8A84B8F4AC851FB07DFE61764A5410EBF0B5DCB69C1B7E">>},
 {<<"parse_trans">>, <<"6E6AA8167CB44CC8F39441D05193BE6E6F4E7C2946CB2759F015F8C56B76E5FF">>},
 {<<"phoenix">>, <<"1CC589E0EAB99F593A8AA38EC45F15D25297DD6187EE801C8DE8947090B5A9D3">>},
 {<<"phoenix_html">>, <<"51F720D0D543E4E157FF06B65DE38E13303D5778A7919BCC696599E5934271B8">>},
 {<<"phoenix_pubsub">>, <<"3168D78BA41835AECAD272D5E8CD51AA87A7AC9EB836EABC42F6E57538E3731D">>},
 {<<"phoenix_template">>, <<"E2092C132F3B5E5B2D49C96695342EB36D0ED514C5B252A77048D5969330D639">>},
 {<<"phoenix_view">>, <<"4D32C4817FCE933693741DEEB99EF1392619F942633DDE834A5163124813AAD3">>},
 {<<"plug">>, <<"712976F504418F6DFF0A3E554C40D705A9BCF89A7CCEF92FC6A5EF8F16A30A97">>},
 {<<"plug_cowboy">>, <<"87677FFE3B765BC96A89BE7960F81703223FE2E21EFA42C125FCD0127DD9D6B2">>},
 {<<"plug_crypto">>, <<"918772575E48E81E455818229BF719D4AB4181FCBF7F85B68A35620F78D89CED">>},
 {<<"protobuf">>, <<"58C0DFEA5F929B96B5AA54EC02B7130688F09D2DE5DDC521D696EEC2A015B223">>},
 {<<"ranch">>, <<"8C7A100A139FD57F17327B6413E4167AC559FBC04CA7448E9BE9057311597A1D">>},
 {<<"recon">>, <<"C108A4C406FA301A529151A3BB53158CADC4064EC0C5F99B03DDB8C0E4281BDF">>},
 {<<"rustler">>, <<"7E5EEFE61E6E6F8901E5AA3DE60073D360C6320D9EC363027B0197297B80C46A">>},
 {<<"rustler_precompiled">>, <<"ECADF02CC59A0ECCBAED6C1937303A5827FBCF60010C541595E6D3747D3D0F9F">>},
 {<<"ssl_verify_fun">>, <<"354C321CF377240C7B8716899E182CE4890C5938111A1296ADD3EC74CF1715DF">>},
 {<<"table">>, <<"87AD1125F5B70C5DEA0307AA633194083EB5182EC537EFC94E96AF08937E14A8">>},
 {<<"table_rex">>, <<"0C67164D1714B5E806D5067C1E96FF098BA7AE79413CC075973E17C38A587CAA">>},
 {<<"telemetry">>, <<"A06428A514BDBC63293CD9A6263AAD00DDEB66F608163BDEC7C8995784080818">>},
 {<<"thousand_island">>, <<"6022B6338F1635B3D32406FF98D68B843BA73B3AA95CFC27154223244F3A6CA5">>},
 {<<"toml">>, <<"FBCD773CAA937D0C7A02C301A1FEEA25612720AC3FA1CCB8BFD9D30D822911DE">>},
 {<<"tzdata">>, <<"20C8043476DFDA8504952D00ADAC41C6EDA23912278ADD38EDC140AE0C5BCC46">>},
 {<<"unicode_util_compat">>, <<"BC84380C9AB48177092F43AC89E4DFA2C6D62B40B8BD132B1059ECC7232F9A78">>},
 {<<"websock">>, <<"2F69A6EBE810328555B6FE5C831A851F485E303A7C8CE6C5F675ABEB20EBDADC">>},
 {<<"websock_adapter">>, <<"0437FE56E093FD4AC422DE33BF8FC89F7BC1416A3F2D732D8B2C8FD54792FE60">>}]},
{pkg_hash_ext,[
 {<<"adbc">>, <<"2044FF8FE7E7B963D70204FE894558585AA6870AFB8AB23D85FEEBD84DD0C4B6">>},
 {<<"aws_signature">>, <<"B0DAF61FEB4250A8AB0ADEA60DB3E336AF732FF71DD3FB22E45AE3DCBD071E44">>},
 {<<"bandit">>, <<"3DB8BACEA631BD926CC62CCAD58EDFEE4252D1B4C5CCCBBAD9825DF2722B884F">>},
 {<<"castore">>, <<"374C6E7CA752296BE3D6780A6D5B922854FFCC74123DA90F2F328996B962D33A">>},
 {<<"cc_precompiler">>, <<"F6E046254E53CD6B41C6BACD70AE728011AA82B2742A80D6E2214855C6E06B22">>},
 {<<"certifi">>, <<"EE68D85DF22E554040CDB4BE100F33873AC6051387BAF6A8F6CE82272340FF1C">>},
 {<<"complex">>, <<"2683BD3C184466CFB94FAD74CBFDDFAA94B860E27AD4CA1BFFE3BFF169D91EF1">>},
 {<<"cowboy">>, <<"8A7ABE6D183372CEB21CAA2709BEC928AB2B72E18A3911AA1771639BEF82651E">>},
 {<<"cowboy_telemetry">>, <<"7D98BAC1EE4565D31B62D59F8823DFD8356A169E7FCBB83831B8A5397404C9DE">>},
 {<<"cowlib">>, <<"E1E1284DC3FC030A64B1AD0D8382AE7E99DA46C3246B815318A4B848873800A4">>},
 {<<"decimal">>, <<"B1F2343568EED6928F3E751CF2DFFDE95BFAA19DD95D09E8A9EA92CCFD6F7D85">>},
 {<<"dll_loader_helper_beam">>, <<"0E6119EDDE0EF5E42B4FE22D7DC71B7462E08573CEE977C01A26EC5D9CD94A9A">>},
 {<<"easter">>, <<"015AE9F6DADF335B3EB13B4BE1F5B629F152239A14044428CED25F5DCC7797F6">>},
 {<<"elixir_make">>, <<"5C99A18571A756D4AF7A4D89CA75C28AC899E6103AF6F223982F09CE44942CC9">>},
 {<<"explorer">>, <<"4982756E2D1A1EE52A4ACC913800A522B7B14CCB43801ED05D839E531724B798">>},
 {<<"fss">>, <<"78AD5955C7919C3764065B21144913DF7515D52E228C09427A004AFE9C1A16B0">>},
 {<<"hackney">>, <<"FE9094E5F1A2A2C0A7D10918FEE36BFEC0EC2A979994CFF8CFE8058CD9AF38E3">>},
 {<<"hpax">>, <<"2C87843D5A23F5F16748EBE77969880E29809580EFDACCD615CD3BED628A8C13">>},
 {<<"idna">>, <<"92376EB7894412ED19AC475E4A86F7B413C1B9FBB5BD16DCCD57934157944CEA">>},
 {<<"jason">>, <<"FBB01ECDFD565B56261302F7E1FCC27C4FB8F32D56EAB74DB621FC154604A7A1">>},
 {<<"metrics">>, <<"69B09ADDDC4F74A40716AE54D140F93BEB0FB8978D8636EADED0C31B6F099F16">>},
 {<<"mime">>, <<"31A1A8613F8321143DDE1DAFC36006A17D28D02BDFECB9E95A880FA7AABD19A7">>},
 {<<"mimerl">>, <<"F278585650AA581986264638EBF698F8BB19DF297F66AD91B18910DFC6E19323">>},
 {<<"nx">>, <<"E3DDD6A3F2A9BAC79C67B3933368C25BB5EC814A883FC68ABA8FD8A236751777">>},
 {<<"parse_trans">>, <<"620A406CE75DADA827B82E453C19CF06776BE266F5A67CFF34E1EF2CBB60E49A">>},
 {<<"phoenix">>, <<"D646192FBADE9F485B01BC9920C139BFDD19D0F8DF3D73FD8EAF2DFBE0D2837C">>},
 {<<"phoenix_html">>, <<"EFD697A7FFF35A13EEEB6B43DB884705CBA353A1A41D127D118FDA5F90C8E80F">>},
 {<<"phoenix_pubsub">>, <<"BBA06BC1DCFD8CB086759F0EDC94A8BA2BC8896D5331A1E2C2902BF8E36EE502">>},
 {<<"phoenix_template">>, <<"2C0C81F0E5C6753FAF5CCA2F229C9709919ABA34FAB866D3BC05060C9C444206">>},
 {<<"phoenix_view">>, <<"CD34049AF41BE2C627DF99CD4EAA71FC52A328C0C3D8E7D4AA28F880C30E7F64">>},
 {<<"plug">>, <<"CC4365A3C010A56AF402E0809208873D113E9C38C401CABD88027EF4F5C01FD2">>},
 {<<"plug_cowboy">>, <<"02DBD5F9AB571B864AE39418DB7811618506256F6D13B4A45037E5FE78DC5DE3">>},
 {<<"plug_crypto">>, <<"26549A1D6345E2172EB1C233866756AE44A9609BD33EE6F99147AB3FD87FD842">>},
 {<<"protobuf">>, <<"75FA6CBF262062073DD51BE44DD0AB940500E18386A6C4E87D5819A58964DC45">>},
 {<<"ranch">>, <<"49FBCFD3682FAB1F5D109351B61257676DA1A2FDBE295904176D5E521A2DDFE5">>},
 {<<"recon">>, <<"632A6F447DF7CCC1A4A10BDCFCE71514412B16660FE59DECA0FCF0AA3C054404">>},
 {<<"rustler">>, <<"99E378459BFB9C3BDA6D3548B2B3BC6F9AD97F728F76BDBAE7BF5C770A4F8ABD">>},
 {<<"rustler_precompiled">>, <<"B9E4657B99A1483EA31502E1D58C464BEDEBE9028808EDA45C3A429AF4550C66">>},
 {<<"ssl_verify_fun">>, <<"FE4C190E8F37401D30167C8C405EDA19469F34577987C76DDE613E838BBC67F8">>},
 {<<"table">>, <<"7E99BC7EFEF806315C7E65640724BF165C3061CDC5D854060F74468367065029">>},
 {<<"table_rex">>, <<"678A23ABA4D670419C23C17790F9DCD635A4A89022040DF7D5D772CB21012490">>},
 {<<"telemetry">>, <<"EB72B8365FFDA5BED68A620D1DA88525E326CB82A75EE61354FC24B844768041">>},
 {<<"thousand_island">>, <<"2BE6954916FDFE4756AF3239FB6B6D75D0B8063B5DF03BA76FD8A4C87849E180">>},
 {<<"toml">>, <<"0690246A2478C1DEFD100B0C9B89B4EA280A22BE9A7B313A8A058A2408A2FA70">>},
 {<<"tzdata">>, <<"A69CEC8352EAFCD2E198DEA28A34113B60FDC6CB57EB5AD65C10292A6BA89787">>},
 {<<"unicode_util_compat">>, <<"25EEE6D67DF61960CF6A794239566599B09E17E668D3700247BC498638152521">>},
 {<<"websock">>, <<"6105453D7FAC22C712AD66FAB1D45ABDF049868F253CF719B625151460B8B453">>},
 {<<"websock_adapter">>, <<"E04378D26B0AF627817AE84C92083B7E97ACA3121196679B73C73B99D0D133EA">>}]}
].
